{
  "object": {
    "pins": [
      {
        "package": "Lottie",
        "repositoryURL": "https://github.com/airbnb/lottie-ios.git",
        "state": {
          "branch": "master",
          "revision": "e9c52fa3e2f962febb6fcc27a94eff15292130b2",
          "version": null
        }
      }
    ]
  },
  "version": 1
}
