// !$*UTF8*$!
{
	archiveVersion = 1;
	classes = {
	};
	objectVersion = 55;
	objects = {

/* Begin PBXBuildFile section */
		65ADC4D726F344090051DCE7 /* Guess_NFL_TeamApp.swift in Sources */ = {isa = PBXBuildFile; fileRef = 65ADC4D626F344090051DCE7 /* Guess_NFL_TeamApp.swift */; };
		65ADC4DB26F3440A0051DCE7 /* Assets.xcassets in Resources */ = {isa = PBXBuildFile; fileRef = 65ADC4DA26F3440A0051DCE7 /* Assets.xcassets */; };
		65ADC4DE26F3440A0051DCE7 /* Preview Assets.xcassets in Resources */ = {isa = PBXBuildFile; fileRef = 65ADC4DD26F3440A0051DCE7 /* Preview Assets.xcassets */; };
		65ADC4E626F3446E0051DCE7 /* Lottie in Frameworks */ = {isa = PBXBuildFile; productRef = 65ADC4E526F3446E0051DCE7 /* Lottie */; };
		65ADC4EB26F344990051DCE7 /* nfl.json in Resources */ = {isa = PBXBuildFile; fileRef = 65ADC4E826F344990051DCE7 /* nfl.json */; };
		65ADC4EC26F344990051DCE7 /* correct.json in Resources */ = {isa = PBXBuildFile; fileRef = 65ADC4E926F344990051DCE7 /* correct.json */; };
		65ADC4ED26F344990051DCE7 /* incorrect.json in Resources */ = {isa = PBXBuildFile; fileRef = 65ADC4EA26F344990051DCE7 /* incorrect.json */; };
		65ADC51426F344AB0051DCE7 /* NFL.swift in Sources */ = {isa = PBXBuildFile; fileRef = 65ADC4FA26F344AB0051DCE7 /* NFL.swift */; };
		65ADC51526F344AB0051DCE7 /* Lineup.swift in Sources */ = {isa = PBXBuildFile; fileRef = 65ADC4FB26F344AB0051DCE7 /* Lineup.swift */; };
		65ADC51726F344AB0051DCE7 /* GameView.swift in Sources */ = {isa = PBXBuildFile; fileRef = 65ADC4FE26F344AB0051DCE7 /* GameView.swift */; };
		65ADC51826F344AB0051DCE7 /* HomeView.swift in Sources */ = {isa = PBXBuildFile; fileRef = 65ADC4FF26F344AB0051DCE7 /* HomeView.swift */; };
		65ADC51926F344AB0051DCE7 /* LineupView.swift in Sources */ = {isa = PBXBuildFile; fileRef = 65ADC50126F344AB0051DCE7 /* LineupView.swift */; };
		65ADC51A26F344AB0051DCE7 /* PlayerView.swift in Sources */ = {isa = PBXBuildFile; fileRef = 65ADC50226F344AB0051DCE7 /* PlayerView.swift */; };
		65ADC51D26F344AB0051DCE7 /* LottieView.swift in Sources */ = {isa = PBXBuildFile; fileRef = 65ADC50726F344AB0051DCE7 /* LottieView.swift */; };
		65ADC52126F34BE00051DCE7 /* NetworkManager.swift in Sources */ = {isa = PBXBuildFile; fileRef = 65ADC52026F34BE00051DCE7 /* NetworkManager.swift */; };
		65B2074A26FD9BD30045FE8D /* ResponseView.swift in Sources */ = {isa = PBXBuildFile; fileRef = 65B2074926FD9BD30045FE8D /* ResponseView.swift */; };
/* End PBXBuildFile section */

/* Begin PBXFileReference section */
		65ADC4D326F344090051DCE7 /* Guess-NFL-Team.app */ = {isa = PBXFileReference; explicitFileType = wrapper.application; includeInIndex = 0; path = "Guess-NFL-Team.app"; sourceTree = BUILT_PRODUCTS_DIR; };
		65ADC4D626F344090051DCE7 /* Guess_NFL_TeamApp.swift */ = {isa = PBXFileReference; lastKnownFileType = sourcecode.swift; path = Guess_NFL_TeamApp.swift; sourceTree = "<group>"; };
		65ADC4DA26F3440A0051DCE7 /* Assets.xcassets */ = {isa = PBXFileReference; lastKnownFileType = folder.assetcatalog; path = Assets.xcassets; sourceTree = "<group>"; };
		65ADC4DD26F3440A0051DCE7 /* Preview Assets.xcassets */ = {isa = PBXFileReference; lastKnownFileType = folder.assetcatalog; path = "Preview Assets.xcassets"; sourceTree = "<group>"; };
		65ADC4E826F344990051DCE7 /* nfl.json */ = {isa = PBXFileReference; fileEncoding = 4; lastKnownFileType = text.json; path = nfl.json; sourceTree = "<group>"; };
		65ADC4E926F344990051DCE7 /* correct.json */ = {isa = PBXFileReference; fileEncoding = 4; lastKnownFileType = text.json; path = correct.json; sourceTree = "<group>"; };
		65ADC4EA26F344990051DCE7 /* incorrect.json */ = {isa = PBXFileReference; fileEncoding = 4; lastKnownFileType = text.json; path = incorrect.json; sourceTree = "<group>"; };
		65ADC4FA26F344AB0051DCE7 /* NFL.swift */ = {isa = PBXFileReference; fileEncoding = 4; lastKnownFileType = sourcecode.swift; path = NFL.swift; sourceTree = "<group>"; };
		65ADC4FB26F344AB0051DCE7 /* Lineup.swift */ = {isa = PBXFileReference; fileEncoding = 4; lastKnownFileType = sourcecode.swift; path = Lineup.swift; sourceTree = "<group>"; };
		65ADC4FE26F344AB0051DCE7 /* GameView.swift */ = {isa = PBXFileReference; fileEncoding = 4; lastKnownFileType = sourcecode.swift; path = GameView.swift; sourceTree = "<group>"; };
		65ADC4FF26F344AB0051DCE7 /* HomeView.swift */ = {isa = PBXFileReference; fileEncoding = 4; lastKnownFileType = sourcecode.swift; path = HomeView.swift; sourceTree = "<group>"; };
		65ADC50126F344AB0051DCE7 /* LineupView.swift */ = {isa = PBXFileReference; fileEncoding = 4; lastKnownFileType = sourcecode.swift; path = LineupView.swift; sourceTree = "<group>"; };
		65ADC50226F344AB0051DCE7 /* PlayerView.swift */ = {isa = PBXFileReference; fileEncoding = 4; lastKnownFileType = sourcecode.swift; path = PlayerView.swift; sourceTree = "<group>"; };
		65ADC50726F344AB0051DCE7 /* LottieView.swift */ = {isa = PBXFileReference; fileEncoding = 4; lastKnownFileType = sourcecode.swift; path = LottieView.swift; sourceTree = "<group>"; };
		65ADC52026F34BE00051DCE7 /* NetworkManager.swift */ = {isa = PBXFileReference; lastKnownFileType = sourcecode.swift; path = NetworkManager.swift; sourceTree = "<group>"; };
		65B2074926FD9BD30045FE8D /* ResponseView.swift */ = {isa = PBXFileReference; lastKnownFileType = sourcecode.swift; path = ResponseView.swift; sourceTree = "<group>"; };
/* End PBXFileReference section */

/* Begin PBXFrameworksBuildPhase section */
		65ADC4D026F344090051DCE7 /* Frameworks */ = {
			isa = PBXFrameworksBuildPhase;
			buildActionMask = 2147483647;
			files = (
				65ADC4E626F3446E0051DCE7 /* Lottie in Frameworks */,
			);
			runOnlyForDeploymentPostprocessing = 0;
		};
/* End PBXFrameworksBuildPhase section */

/* Begin PBXGroup section */
		65ADC4CA26F344090051DCE7 = {
			isa = PBXGroup;
			children = (
				65ADC4D526F344090051DCE7 /* Guess-NFL-Team */,
				65ADC4D426F344090051DCE7 /* Products */,
			);
			sourceTree = "<group>";
		};
		65ADC4D426F344090051DCE7 /* Products */ = {
			isa = PBXGroup;
			children = (
				65ADC4D326F344090051DCE7 /* Guess-NFL-Team.app */,
			);
			name = Products;
			sourceTree = "<group>";
		};
		65ADC4D526F344090051DCE7 /* Guess-NFL-Team */ = {
			isa = PBXGroup;
			children = (
				65ADC4D626F344090051DCE7 /* Guess_NFL_TeamApp.swift */,
				65ADC4F926F344AB0051DCE7 /* Models */,
				65ADC4FD26F344AB0051DCE7 /* Views */,
				65ADC52026F34BE00051DCE7 /* NetworkManager.swift */,
				65ADC4DA26F3440A0051DCE7 /* Assets.xcassets */,
				65ADC4E726F344990051DCE7 /* LottieAnimations */,
				65ADC4DC26F3440A0051DCE7 /* Preview Content */,
			);
			path = "Guess-NFL-Team";
			sourceTree = "<group>";
		};
		65ADC4DC26F3440A0051DCE7 /* Preview Content */ = {
			isa = PBXGroup;
			children = (
				65ADC4DD26F3440A0051DCE7 /* Preview Assets.xcassets */,
			);
			path = "Preview Content";
			sourceTree = "<group>";
		};
		65ADC4E726F344990051DCE7 /* LottieAnimations */ = {
			isa = PBXGroup;
			children = (
				65ADC4E826F344990051DCE7 /* nfl.json */,
				65ADC4E926F344990051DCE7 /* correct.json */,
				65ADC4EA26F344990051DCE7 /* incorrect.json */,
			);
			path = LottieAnimations;
			sourceTree = "<group>";
		};
		65ADC4F926F344AB0051DCE7 /* Models */ = {
			isa = PBXGroup;
			children = (
				65ADC4FA26F344AB0051DCE7 /* NFL.swift */,
				65ADC4FB26F344AB0051DCE7 /* Lineup.swift */,
			);
			path = Models;
			sourceTree = "<group>";
		};
		65ADC4FD26F344AB0051DCE7 /* Views */ = {
			isa = PBXGroup;
			children = (
				65ADC4FF26F344AB0051DCE7 /* HomeView.swift */,
				65ADC4FE26F344AB0051DCE7 /* GameView.swift */,
				65ADC50026F344AB0051DCE7 /* Lineup */,
				65ADC50326F344AB0051DCE7 /* Response */,
				65ADC50626F344AB0051DCE7 /* Lottie */,
			);
			path = Views;
			sourceTree = "<group>";
		};
		65ADC50026F344AB0051DCE7 /* Lineup */ = {
			isa = PBXGroup;
			children = (
				65ADC50126F344AB0051DCE7 /* LineupView.swift */,
				65ADC50226F344AB0051DCE7 /* PlayerView.swift */,
			);
			path = Lineup;
			sourceTree = "<group>";
		};
		65ADC50326F344AB0051DCE7 /* Response */ = {
			isa = PBXGroup;
			children = (
				65B2074926FD9BD30045FE8D /* ResponseView.swift */,
			);
			path = Response;
			sourceTree = "<group>";
		};
		65ADC50626F344AB0051DCE7 /* Lottie */ = {
			isa = PBXGroup;
			children = (
				65ADC50726F344AB0051DCE7 /* LottieView.swift */,
			);
			path = Lottie;
			sourceTree = "<group>";
		};
/* End PBXGroup section */

/* Begin PBXNativeTarget section */
		65ADC4D226F344090051DCE7 /* Guess-NFL-Team */ = {
			isa = PBXNativeTarget;
			buildConfigurationList = 65ADC4E126F3440A0051DCE7 /* Build configuration list for PBXNativeTarget "Guess-NFL-Team" */;
			buildPhases = (
				65ADC4CF26F344090051DCE7 /* Sources */,
				65ADC4D026F344090051DCE7 /* Frameworks */,
				65ADC4D126F344090051DCE7 /* Resources */,
			);
			buildRules = (
			);
			dependencies = (
			);
			name = "Guess-NFL-Team";
			packageProductDependencies = (
				65ADC4E526F3446E0051DCE7 /* Lottie */,
			);
			productName = "Guess-NFL-Team";
			productReference = 65ADC4D326F344090051DCE7 /* Guess-NFL-Team.app */;
			productType = "com.apple.product-type.application";
		};
/* End PBXNativeTarget section */

/* Begin PBXProject section */
		65ADC4CB26F344090051DCE7 /* Project object */ = {
			isa = PBXProject;
			attributes = {
				BuildIndependentTargetsInParallel = 1;
				LastSwiftUpdateCheck = 1300;
				LastUpgradeCheck = 1300;
				TargetAttributes = {
					65ADC4D226F344090051DCE7 = {
						CreatedOnToolsVersion = 13.0;
					};
				};
			};
			buildConfigurationList = 65ADC4CE26F344090051DCE7 /* Build configuration list for PBXProject "Guess-NFL-Team" */;
			compatibilityVersion = "Xcode 13.0";
			developmentRegion = en;
			hasScannedForEncodings = 0;
			knownRegions = (
				en,
				Base,
			);
			mainGroup = 65ADC4CA26F344090051DCE7;
			packageReferences = (
				65ADC4E426F3446E0051DCE7 /* XCRemoteSwiftPackageReference "lottie-ios" */,
			);
			productRefGroup = 65ADC4D426F344090051DCE7 /* Products */;
			projectDirPath = "";
			projectRoot = "";
			targets = (
				65ADC4D226F344090051DCE7 /* Guess-NFL-Team */,
			);
		};
/* End PBXProject section */

/* Begin PBXResourcesBuildPhase section */
		65ADC4D126F344090051DCE7 /* Resources */ = {
			isa = PBXResourcesBuildPhase;
			buildActionMask = 2147483647;
			files = (
				65ADC4DE26F3440A0051DCE7 /* Preview Assets.xcassets in Resources */,
				65ADC4DB26F3440A0051DCE7 /* Assets.xcassets in Resources */,
				65ADC4ED26F344990051DCE7 /* incorrect.json in Resources */,
				65ADC4EC26F344990051DCE7 /* correct.json in Resources */,
				65ADC4EB26F344990051DCE7 /* nfl.json in Resources */,
			);
			runOnlyForDeploymentPostprocessing = 0;
		};
/* End PBXResourcesBuildPhase section */

/* Begin PBXSourcesBuildPhase section */
		65ADC4CF26F344090051DCE7 /* Sources */ = {
			isa = PBXSourcesBuildPhase;
			buildActionMask = 2147483647;
			files = (
				65ADC51426F344AB0051DCE7 /* NFL.swift in Sources */,
				65ADC51726F344AB0051DCE7 /* GameView.swift in Sources */,
				65ADC52126F34BE00051DCE7 /* NetworkManager.swift in Sources */,
				65B2074A26FD9BD30045FE8D /* ResponseView.swift in Sources */,
				65ADC51D26F344AB0051DCE7 /* LottieView.swift in Sources */,
				65ADC51A26F344AB0051DCE7 /* PlayerView.swift in Sources */,
				65ADC4D726F344090051DCE7 /* Guess_NFL_TeamApp.swift in Sources */,
				65ADC51526F344AB0051DCE7 /* Lineup.swift in Sources */,
				65ADC51826F344AB0051DCE7 /* HomeView.swift in Sources */,
				65ADC51926F344AB0051DCE7 /* LineupView.swift in Sources */,
			);
			runOnlyForDeploymentPostprocessing = 0;
		};
/* End PBXSourcesBuildPhase section */

/* Begin XCBuildConfiguration section */
		65ADC4DF26F3440A0051DCE7 /* Debug */ = {
			isa = XCBuildConfiguration;
			buildSettings = {
				ALWAYS_SEARCH_USER_PATHS = NO;
				CLANG_ANALYZER_NONNULL = YES;
				CLANG_ANALYZER_NUMBER_OBJECT_CONVERSION = YES_AGGRESSIVE;
				CLANG_CXX_LANGUAGE_STANDARD = "gnu++17";
				CLANG_CXX_LIBRARY = "libc++";
				CLANG_ENABLE_MODULES = YES;
				CLANG_ENABLE_OBJC_ARC = YES;
				CLANG_ENABLE_OBJC_WEAK = YES;
				CLANG_WARN_BLOCK_CAPTURE_AUTORELEASING = YES;
				CLANG_WARN_BOOL_CONVERSION = YES;
				CLANG_WARN_COMMA = YES;
				CLANG_WARN_CONSTANT_CONVERSION = YES;
				CLANG_WARN_DEPRECATED_OBJC_IMPLEMENTATIONS = YES;
				CLANG_WARN_DIRECT_OBJC_ISA_USAGE = YES_ERROR;
				CLANG_WARN_DOCUMENTATION_COMMENTS = YES;
				CLANG_WARN_EMPTY_BODY = YES;
				CLANG_WARN_ENUM_CONVERSION = YES;
				CLANG_WARN_INFINITE_RECURSION = YES;
				CLANG_WARN_INT_CONVERSION = YES;
				CLANG_WARN_NON_LITERAL_NULL_CONVERSION = YES;
				CLANG_WARN_OBJC_IMPLICIT_RETAIN_SELF = YES;
				CLANG_WARN_OBJC_LITERAL_CONVERSION = YES;
				CLANG_WARN_OBJC_ROOT_CLASS = YES_ERROR;
				CLANG_WARN_QUOTED_INCLUDE_IN_FRAMEWORK_HEADER = YES;
				CLANG_WARN_RANGE_LOOP_ANALYSIS = YES;
				CLANG_WARN_STRICT_PROTOTYPES = YES;
				CLANG_WARN_SUSPICIOUS_MOVE = YES;
				CLANG_WARN_UNGUARDED_AVAILABILITY = YES_AGGRESSIVE;
				CLANG_WARN_UNREACHABLE_CODE = YES;
				CLANG_WARN__DUPLICATE_METHOD_MATCH = YES;
				COPY_PHASE_STRIP = NO;
				DEBUG_INFORMATION_FORMAT = dwarf;
				ENABLE_STRICT_OBJC_MSGSEND = YES;
				ENABLE_TESTABILITY = YES;
				GCC_C_LANGUAGE_STANDARD = gnu11;
				GCC_DYNAMIC_NO_PIC = NO;
				GCC_NO_COMMON_BLOCKS = YES;
				GCC_OPTIMIZATION_LEVEL = 0;
				GCC_PREPROCESSOR_DEFINITIONS = (
					"DEBUG=1",
					"$(inherited)",
				);
				GCC_WARN_64_TO_32_BIT_CONVERSION = YES;
				GCC_WARN_ABOUT_RETURN_TYPE = YES_ERROR;
				GCC_WARN_UNDECLARED_SELECTOR = YES;
				GCC_WARN_UNINITIALIZED_AUTOS = YES_AGGRESSIVE;
				GCC_WARN_UNUSED_FUNCTION = YES;
				GCC_WARN_UNUSED_VARIABLE = YES;
				IPHONEOS_DEPLOYMENT_TARGET = 15.0;
				MTL_ENABLE_DEBUG_INFO = INCLUDE_SOURCE;
				MTL_FAST_MATH = YES;
				ONLY_ACTIVE_ARCH = YES;
				SDKROOT = iphoneos;
				SWIFT_ACTIVE_COMPILATION_CONDITIONS = DEBUG;
				SWIFT_OPTIMIZATION_LEVEL = "-Onone";
			};
			name = Debug;
		};
		65ADC4E026F3440A0051DCE7 /* Release */ = {
			isa = XCBuildConfiguration;
			buildSettings = {
				ALWAYS_SEARCH_USER_PATHS = NO;
				CLANG_ANALYZER_NONNULL = YES;
				CLANG_ANALYZER_NUMBER_OBJECT_CONVERSION = YES_AGGRESSIVE;
				CLANG_CXX_LANGUAGE_STANDARD = "gnu++17";
				CLANG_CXX_LIBRARY = "libc++";
				CLANG_ENABLE_MODULES = YES;
				CLANG_ENABLE_OBJC_ARC = YES;
				CLANG_ENABLE_OBJC_WEAK = YES;
				CLANG_WARN_BLOCK_CAPTURE_AUTORELEASING = YES;
				CLANG_WARN_BOOL_CONVERSION = YES;
				CLANG_WARN_COMMA = YES;
				CLANG_WARN_CONSTANT_CONVERSION = YES;
				CLANG_WARN_DEPRECATED_OBJC_IMPLEMENTATIONS = YES;
				CLANG_WARN_DIRECT_OBJC_ISA_USAGE = YES_ERROR;
				CLANG_WARN_DOCUMENTATION_COMMENTS = YES;
				CLANG_WARN_EMPTY_BODY = YES;
				CLANG_WARN_ENUM_CONVERSION = YES;
				CLANG_WARN_INFINITE_RECURSION = YES;
				CLANG_WARN_INT_CONVERSION = YES;
				CLANG_WARN_NON_LITERAL_NULL_CONVERSION = YES;
				CLANG_WARN_OBJC_IMPLICIT_RETAIN_SELF = YES;
				CLANG_WARN_OBJC_LITERAL_CONVERSION = YES;
				CLANG_WARN_OBJC_ROOT_CLASS = YES_ERROR;
				CLANG_WARN_QUOTED_INCLUDE_IN_FRAMEWORK_HEADER = YES;
				CLANG_WARN_RANGE_LOOP_ANALYSIS = YES;
				CLANG_WARN_STRICT_PROTOTYPES = YES;
				CLANG_WARN_SUSPICIOUS_MOVE = YES;
				CLANG_WARN_UNGUARDED_AVAILABILITY = YES_AGGRESSIVE;
				CLANG_WARN_UNREACHABLE_CODE = YES;
				CLANG_WARN__DUPLICATE_METHOD_MATCH = YES;
				COPY_PHASE_STRIP = NO;
				DEBUG_INFORMATION_FORMAT = "dwarf-with-dsym";
				ENABLE_NS_ASSERTIONS = NO;
				ENABLE_STRICT_OBJC_MSGSEND = YES;
				GCC_C_LANGUAGE_STANDARD = gnu11;
				GCC_NO_COMMON_BLOCKS = YES;
				GCC_WARN_64_TO_32_BIT_CONVERSION = YES;
				GCC_WARN_ABOUT_RETURN_TYPE = YES_ERROR;
				GCC_WARN_UNDECLARED_SELECTOR = YES;
				GCC_WARN_UNINITIALIZED_AUTOS = YES_AGGRESSIVE;
				GCC_WARN_UNUSED_FUNCTION = YES;
				GCC_WARN_UNUSED_VARIABLE = YES;
				IPHONEOS_DEPLOYMENT_TARGET = 15.0;
				MTL_ENABLE_DEBUG_INFO = NO;
				MTL_FAST_MATH = YES;
				SDKROOT = iphoneos;
				SWIFT_COMPILATION_MODE = wholemodule;
				SWIFT_OPTIMIZATION_LEVEL = "-O";
				VALIDATE_PRODUCT = YES;
			};
			name = Release;
		};
		65ADC4E226F3440A0051DCE7 /* Debug */ = {
			isa = XCBuildConfiguration;
			buildSettings = {
				ASSETCATALOG_COMPILER_APPICON_NAME = AppIcon;
				ASSETCATALOG_COMPILER_GLOBAL_ACCENT_COLOR_NAME = AccentColor;
				CODE_SIGN_STYLE = Automatic;
				CURRENT_PROJECT_VERSION = 1;
				DEVELOPMENT_ASSET_PATHS = "\"Guess-NFL-Team/Preview Content\"";
				DEVELOPMENT_TEAM = 37K4DXQDP4;
				ENABLE_PREVIEWS = YES;
				GENERATE_INFOPLIST_FILE = YES;
				INFOPLIST_KEY_UIApplicationSceneManifest_Generation = YES;
				INFOPLIST_KEY_UIApplicationSupportsIndirectInputEvents = YES;
				INFOPLIST_KEY_UILaunchScreen_Generation = YES;
				INFOPLIST_KEY_UISupportedInterfaceOrientations_iPad = "UIInterfaceOrientationPortrait UIInterfaceOrientationPortraitUpsideDown UIInterfaceOrientationLandscapeLeft UIInterfaceOrientationLandscapeRight";
				INFOPLIST_KEY_UISupportedInterfaceOrientations_iPhone = "UIInterfaceOrientationPortrait UIInterfaceOrientationLandscapeLeft UIInterfaceOrientationLandscapeRight";
				IPHONEOS_DEPLOYMENT_TARGET = 15.0;
				LD_RUNPATH_SEARCH_PATHS = (
					"$(inherited)",
					"@executable_path/Frameworks",
				);
				MARKETING_VERSION = 1.0;
				PRODUCT_BUNDLE_IDENTIFIER = "com.captech.Guess-NFL-Team";
				PRODUCT_NAME = "$(TARGET_NAME)";
				SWIFT_EMIT_LOC_STRINGS = YES;
				SWIFT_VERSION = 5.0;
				TARGETED_DEVICE_FAMILY = "1,2";
			};
			name = Debug;
		};
		65ADC4E326F3440A0051DCE7 /* Release */ = {
			isa = XCBuildConfiguration;
			buildSettings = {
				ASSETCATALOG_COMPILER_APPICON_NAME = AppIcon;
				ASSETCATALOG_COMPILER_GLOBAL_ACCENT_COLOR_NAME = AccentColor;
				CODE_SIGN_STYLE = Automatic;
				CURRENT_PROJECT_VERSION = 1;
				DEVELOPMENT_ASSET_PATHS = "\"Guess-NFL-Team/Preview Content\"";
				DEVELOPMENT_TEAM = 37K4DXQDP4;
				ENABLE_PREVIEWS = YES;
				GENERATE_INFOPLIST_FILE = YES;
				INFOPLIST_KEY_UIApplicationSceneManifest_Generation = YES;
				INFOPLIST_KEY_UIApplicationSupportsIndirectInputEvents = YES;
				INFOPLIST_KEY_UILaunchScreen_Generation = YES;
				INFOPLIST_KEY_UISupportedInterfaceOrientations_iPad = "UIInterfaceOrientationPortrait UIInterfaceOrientationPortraitUpsideDown UIInterfaceOrientationLandscapeLeft UIInterfaceOrientationLandscapeRight";
				INFOPLIST_KEY_UISupportedInterfaceOrientations_iPhone = "UIInterfaceOrientationPortrait UIInterfaceOrientationLandscapeLeft UIInterfaceOrientationLandscapeRight";
				IPHONEOS_DEPLOYMENT_TARGET = 15.0;
				LD_RUNPATH_SEARCH_PATHS = (
					"$(inherited)",
					"@executable_path/Frameworks",
				);
				MARKETING_VERSION = 1.0;
				PRODUCT_BUNDLE_IDENTIFIER = "com.captech.Guess-NFL-Team";
				PRODUCT_NAME = "$(TARGET_NAME)";
				SWIFT_EMIT_LOC_STRINGS = YES;
				SWIFT_VERSION = 5.0;
				TARGETED_DEVICE_FAMILY = "1,2";
			};
			name = Release;
		};
/* End XCBuildConfiguration section */

/* Begin XCConfigurationList section */
		65ADC4CE26F344090051DCE7 /* Build configuration list for PBXProject "Guess-NFL-Team" */ = {
			isa = XCConfigurationList;
			buildConfigurations = (
				65ADC4DF26F3440A0051DCE7 /* Debug */,
				65ADC4E026F3440A0051DCE7 /* Release */,
			);
			defaultConfigurationIsVisible = 0;
			defaultConfigurationName = Release;
		};
		65ADC4E126F3440A0051DCE7 /* Build configuration list for PBXNativeTarget "Guess-NFL-Team" */ = {
			isa = XCConfigurationList;
			buildConfigurations = (
				65ADC4E226F3440A0051DCE7 /* Debug */,
				65ADC4E326F3440A0051DCE7 /* Release */,
			);
			defaultConfigurationIsVisible = 0;
			defaultConfigurationName = Release;
		};
/* End XCConfigurationList section */

/* Begin XCRemoteSwiftPackageReference section */
		65ADC4E426F3446E0051DCE7 /* XCRemoteSwiftPackageReference "lottie-ios" */ = {
			isa = XCRemoteSwiftPackageReference;
			repositoryURL = "https://github.com/airbnb/lottie-ios.git";
			requirement = {
				branch = master;
				kind = branch;
			};
		};
/* End XCRemoteSwiftPackageReference section */

/* Begin XCSwiftPackageProductDependency section */
		65ADC4E526F3446E0051DCE7 /* Lottie */ = {
			isa = XCSwiftPackageProductDependency;
			package = 65ADC4E426F3446E0051DCE7 /* XCRemoteSwiftPackageReference "lottie-ios" */;
			productName = Lottie;
		};
/* End XCSwiftPackageProductDependency section */
	};
	rootObject = 65ADC4CB26F344090051DCE7 /* Project object */;
}
